
Microsoft Visual Studio Solution File, Format Version 12.00
# Visual Studio Version 17
VisualStudioVersion = 17.2.32616.157
MinimumVisualStudioVersion = 10.0.40219.1
Project("{FAE04EC0-301F-11D3-BF4B-00C04F79EFBC}") = "ShopApi", "ShopApi\ShopApi.csproj", "{5BC8CA03-11C1-4BEF-B643-D1B97D68389F}"
EndProject
Global
	GlobalSection(SolutionConfigurationPlatforms) = preSolution
		Debug|Any CPU = Debug|Any CPU
		Release|Any CPU = Release|Any CPU
	EndGlobalSection
	GlobalSection(ProjectConfigurationPlatforms) = postSolution
		{5BC8CA03-11C1-4BEF-B643-D1B97D68389F}.Debug|Any CPU.ActiveCfg = Debug|Any CPU
		{5BC8CA03-11C1-4BEF-B643-D1B97D68389F}.Debug|Any CPU.Build.0 = Debug|Any CPU
		{5BC8CA03-11C1-4BEF-B643-D1B97D68389F}.Release|Any CPU.ActiveCfg = Release|Any CPU
		{5BC8CA03-11C1-4BEF-B643-D1B97D68389F}.Release|Any CPU.Build.0 = Release|Any CPU
	EndGlobalSection
	GlobalSection(SolutionProperties) = preSolution
		HideSolutionNode = FALSE
	EndGlobalSection
	GlobalSection(ExtensibilityGlobals) = postSolution
		SolutionGuid = {B007275D-0DA2-4C59-A7C1-AC977DC580FA}
	EndGlobalSection
EndGlobal
